
Microsoft Visual Studio Solution File, Format Version 12.00
# Visual Studio Version 17
VisualStudioVersion = 17.6.33712.159
MinimumVisualStudioVersion = 10.0.40219.1
Project("{FAE04EC0-301F-11D3-BF4B-00C04F79EFBC}") = "AppRecetas.UWP", "AppRecetas.UWP\AppRecetas.UWP.csproj", "{69C11C8A-7233-412B-B6F5-8CD6DC5E9D5C}"
EndProject
Project("{FAE04EC0-301F-11D3-BF4B-00C04F79EFBC}") = "AppRecetas.Android", "AppRecetas.Android\AppRecetas.Android.csproj", "{711557E8-2428-49A7-84CB-90E7C2B388BD}"
EndProject
Project("{FAE04EC0-301F-11D3-BF4B-00C04F79EFBC}") = "AppRecetas.iOS", "AppRecetas.iOS\AppRecetas.iOS.csproj", "{20585BBF-B632-4EFC-B1AC-19EEC40FBD41}"
EndProject
Project("{FAE04EC0-301F-11D3-BF4B-00C04F79EFBC}") = "AppRecetas", "AppRecetas\AppRecetas.csproj", "{43D2A8E3-EEE6-458A-85D0-A792F6B3207E}"
EndProject
Global
	GlobalSection(SolutionConfigurationPlatforms) = preSolution
		Debug|Any CPU = Debug|Any CPU
		Debug|ARM = Debug|ARM
		Debug|iPhone = Debug|iPhone
		Debug|iPhoneSimulator = Debug|iPhoneSimulator
		Debug|x64 = Debug|x64
		Debug|x86 = Debug|x86
		Release|Any CPU = Release|Any CPU
		Release|ARM = Release|ARM
		Release|iPhone = Release|iPhone
		Release|iPhoneSimulator = Release|iPhoneSimulator
		Release|x64 = Release|x64
		Release|x86 = Release|x86
	EndGlobalSection
	GlobalSection(ProjectConfigurationPlatforms) = postSolution
		{69C11C8A-7233-412B-B6F5-8CD6DC5E9D5C}.Debug|Any CPU.ActiveCfg = Debug|x64
		{69C11C8A-7233-412B-B6F5-8CD6DC5E9D5C}.Debug|Any CPU.Build.0 = Debug|x64
		{69C11C8A-7233-412B-B6F5-8CD6DC5E9D5C}.Debug|Any CPU.Deploy.0 = Debug|x64
		{69C11C8A-7233-412B-B6F5-8CD6DC5E9D5C}.Debug|ARM.ActiveCfg = Debug|ARM
		{69C11C8A-7233-412B-B6F5-8CD6DC5E9D5C}.Debug|ARM.Build.0 = Debug|ARM
		{69C11C8A-7233-412B-B6F5-8CD6DC5E9D5C}.Debug|ARM.Deploy.0 = Debug|ARM
		{69C11C8A-7233-412B-B6F5-8CD6DC5E9D5C}.Debug|iPhone.ActiveCfg = Debug|x64
		{69C11C8A-7233-412B-B6F5-8CD6DC5E9D5C}.Debug|iPhone.Build.0 = Debug|x64
		{69C11C8A-7233-412B-B6F5-8CD6DC5E9D5C}.Debug|iPhone.Deploy.0 = Debug|x64
		{69C11C8A-7233-412B-B6F5-8CD6DC5E9D5C}.Debug|iPhoneSimulator.ActiveCfg = Debug|x64
		{69C11C8A-7233-412B-B6F5-8CD6DC5E9D5C}.Debug|iPhoneSimulator.Build.0 = Debug|x64
		{69C11C8A-7233-412B-B6F5-8CD6DC5E9D5C}.Debug|iPhoneSimulator.Deploy.0 = Debug|x64
		{69C11C8A-7233-412B-B6F5-8CD6DC5E9D5C}.Debug|x64.ActiveCfg = Debug|x64
		{69C11C8A-7233-412B-B6F5-8CD6DC5E9D5C}.Debug|x64.Build.0 = Debug|x64
		{69C11C8A-7233-412B-B6F5-8CD6DC5E9D5C}.Debug|x64.Deploy.0 = Debug|x64
		{69C11C8A-7233-412B-B6F5-8CD6DC5E9D5C}.Debug|x86.ActiveCfg = Debug|x86
		{69C11C8A-7233-412B-B6F5-8CD6DC5E9D5C}.Debug|x86.Build.0 = Debug|x86
		{69C11C8A-7233-412B-B6F5-8CD6DC5E9D5C}.Debug|x86.Deploy.0 = Debug|x86
		{69C11C8A-7233-412B-B6F5-8CD6DC5E9D5C}.Release|Any CPU.ActiveCfg = Release|x64
		{69C11C8A-7233-412B-B6F5-8CD6DC5E9D5C}.Release|Any CPU.Build.0 = Release|x64
		{69C11C8A-7233-412B-B6F5-8CD6DC5E9D5C}.Release|Any CPU.Deploy.0 = Release|x64
		{69C11C8A-7233-412B-B6F5-8CD6DC5E9D5C}.Release|ARM.ActiveCfg = Release|ARM
		{69C11C8A-7233-412B-B6F5-8CD6DC5E9D5C}.Release|ARM.Build.0 = Release|ARM
		{69C11C8A-7233-412B-B6F5-8CD6DC5E9D5C}.Release|ARM.Deploy.0 = Release|ARM
		{69C11C8A-7233-412B-B6F5-8CD6DC5E9D5C}.Release|iPhone.ActiveCfg = Release|x64
		{69C11C8A-7233-412B-B6F5-8CD6DC5E9D5C}.Release|iPhone.Build.0 = Release|x64
		{69C11C8A-7233-412B-B6F5-8CD6DC5E9D5C}.Release|iPhone.Deploy.0 = Release|x64
		{69C11C8A-7233-412B-B6F5-8CD6DC5E9D5C}.Release|iPhoneSimulator.ActiveCfg = Release|x64
		{69C11C8A-7233-412B-B6F5-8CD6DC5E9D5C}.Release|iPhoneSimulator.Build.0 = Release|x64
		{69C11C8A-7233-412B-B6F5-8CD6DC5E9D5C}.Release|iPhoneSimulator.Deploy.0 = Release|x64
		{69C11C8A-7233-412B-B6F5-8CD6DC5E9D5C}.Release|x64.ActiveCfg = Release|x64
		{69C11C8A-7233-412B-B6F5-8CD6DC5E9D5C}.Release|x64.Build.0 = Release|x64
		{69C11C8A-7233-412B-B6F5-8CD6DC5E9D5C}.Release|x64.Deploy.0 = Release|x64
		{69C11C8A-7233-412B-B6F5-8CD6DC5E9D5C}.Release|x86.ActiveCfg = Release|x86
		{69C11C8A-7233-412B-B6F5-8CD6DC5E9D5C}.Release|x86.Build.0 = Release|x86
		{69C11C8A-7233-412B-B6F5-8CD6DC5E9D5C}.Release|x86.Deploy.0 = Release|x86
		{711557E8-2428-49A7-84CB-90E7C2B388BD}.Debug|Any CPU.ActiveCfg = Debug|Any CPU
		{711557E8-2428-49A7-84CB-90E7C2B388BD}.Debug|Any CPU.Build.0 = Debug|Any CPU
		{711557E8-2428-49A7-84CB-90E7C2B388BD}.Debug|Any CPU.Deploy.0 = Debug|Any CPU
		{711557E8-2428-49A7-84CB-90E7C2B388BD}.Debug|ARM.ActiveCfg = Debug|Any CPU
		{711557E8-2428-49A7-84CB-90E7C2B388BD}.Debug|ARM.Build.0 = Debug|Any CPU
		{711557E8-2428-49A7-84CB-90E7C2B388BD}.Debug|ARM.Deploy.0 = Debug|Any CPU
		{711557E8-2428-49A7-84CB-90E7C2B388BD}.Debug|iPhone.ActiveCfg = Debug|Any CPU
		{711557E8-2428-49A7-84CB-90E7C2B388BD}.Debug|iPhone.Build.0 = Debug|Any CPU
		{711557E8-2428-49A7-84CB-90E7C2B388BD}.Debug|iPhone.Deploy.0 = Debug|Any CPU
		{711557E8-2428-49A7-84CB-90E7C2B388BD}.Debug|iPhoneSimulator.ActiveCfg = Debug|Any CPU
		{711557E8-2428-49A7-84CB-90E7C2B388BD}.Debug|iPhoneSimulator.Build.0 = Debug|Any CPU
		{711557E8-2428-49A7-84CB-90E7C2B388BD}.Debug|iPhoneSimulator.Deploy.0 = Debug|Any CPU
		{711557E8-2428-49A7-84CB-90E7C2B388BD}.Debug|x64.ActiveCfg = Debug|Any CPU
		{711557E8-2428-49A7-84CB-90E7C2B388BD}.Debug|x64.Build.0 = Debug|Any CPU
		{711557E8-2428-49A7-84CB-90E7C2B388BD}.Debug|x64.Deploy.0 = Debug|Any CPU
		{711557E8-2428-49A7-84CB-90E7C2B388BD}.Debug|x86.ActiveCfg = Debug|Any CPU
		{711557E8-2428-49A7-84CB-90E7C2B388BD}.Debug|x86.Build.0 = Debug|Any CPU
		{711557E8-2428-49A7-84CB-90E7C2B388BD}.Debug|x86.Deploy.0 = Debug|Any CPU
		{711557E8-2428-49A7-84CB-90E7C2B388BD}.Release|Any CPU.ActiveCfg = Release|Any CPU
		{711557E8-2428-49A7-84CB-90E7C2B388BD}.Release|Any CPU.Build.0 = Release|Any CPU
		{711557E8-2428-49A7-84CB-90E7C2B388BD}.Release|Any CPU.Deploy.0 = Release|Any CPU
		{711557E8-2428-49A7-84CB-90E7C2B388BD}.Release|ARM.ActiveCfg = Release|Any CPU
		{711557E8-2428-49A7-84CB-90E7C2B388BD}.Release|ARM.Build.0 = Release|Any CPU
		{711557E8-2428-49A7-84CB-90E7C2B388BD}.Release|ARM.Deploy.0 = Release|Any CPU
		{711557E8-2428-49A7-84CB-90E7C2B388BD}.Release|iPhone.ActiveCfg = Release|Any CPU
		{711557E8-2428-49A7-84CB-90E7C2B388BD}.Release|iPhone.Build.0 = Release|Any CPU
		{711557E8-2428-49A7-84CB-90E7C2B388BD}.Release|iPhone.Deploy.0 = Release|Any CPU
		{711557E8-2428-49A7-84CB-90E7C2B388BD}.Release|iPhoneSimulator.ActiveCfg = Release|Any CPU
		{711557E8-2428-49A7-84CB-90E7C2B388BD}.Release|iPhoneSimulator.Build.0 = Release|Any CPU
		{711557E8-2428-49A7-84CB-90E7C2B388BD}.Release|iPhoneSimulator.Deploy.0 = Release|Any CPU
		{711557E8-2428-49A7-84CB-90E7C2B388BD}.Release|x64.ActiveCfg = Release|Any CPU
		{711557E8-2428-49A7-84CB-90E7C2B388BD}.Release|x64.Build.0 = Release|Any CPU
		{711557E8-2428-49A7-84CB-90E7C2B388BD}.Release|x64.Deploy.0 = Release|Any CPU
		{711557E8-2428-49A7-84CB-90E7C2B388BD}.Release|x86.ActiveCfg = Release|Any CPU
		{711557E8-2428-49A7-84CB-90E7C2B388BD}.Release|x86.Build.0 = Release|Any CPU
		{711557E8-2428-49A7-84CB-90E7C2B388BD}.Release|x86.Deploy.0 = Release|Any CPU
		{20585BBF-B632-4EFC-B1AC-19EEC40FBD41}.Debug|Any CPU.ActiveCfg = Debug|iPhoneSimulator
		{20585BBF-B632-4EFC-B1AC-19EEC40FBD41}.Debug|Any CPU.Build.0 = Debug|iPhoneSimulator
		{20585BBF-B632-4EFC-B1AC-19EEC40FBD41}.Debug|Any CPU.Deploy.0 = Debug|iPhoneSimulator
		{20585BBF-B632-4EFC-B1AC-19EEC40FBD41}.Debug|ARM.ActiveCfg = Debug|iPhoneSimulator
		{20585BBF-B632-4EFC-B1AC-19EEC40FBD41}.Debug|ARM.Build.0 = Debug|iPhoneSimulator
		{20585BBF-B632-4EFC-B1AC-19EEC40FBD41}.Debug|ARM.Deploy.0 = Debug|iPhoneSimulator
		{20585BBF-B632-4EFC-B1AC-19EEC40FBD41}.Debug|iPhone.ActiveCfg = Debug|iPhone
		{20585BBF-B632-4EFC-B1AC-19EEC40FBD41}.Debug|iPhone.Build.0 = Debug|iPhone
		{20585BBF-B632-4EFC-B1AC-19EEC40FBD41}.Debug|iPhone.Deploy.0 = Debug|iPhone
		{20585BBF-B632-4EFC-B1AC-19EEC40FBD41}.Debug|iPhoneSimulator.ActiveCfg = Debug|iPhoneSimulator
		{20585BBF-B632-4EFC-B1AC-19EEC40FBD41}.Debug|iPhoneSimulator.Build.0 = Debug|iPhoneSimulator
		{20585BBF-B632-4EFC-B1AC-19EEC40FBD41}.Debug|iPhoneSimulator.Deploy.0 = Debug|iPhoneSimulator
		{20585BBF-B632-4EFC-B1AC-19EEC40FBD41}.Debug|x64.ActiveCfg = Debug|iPhone
		{20585BBF-B632-4EFC-B1AC-19EEC40FBD41}.Debug|x64.Build.0 = Debug|iPhone
		{20585BBF-B632-4EFC-B1AC-19EEC40FBD41}.Debug|x64.Deploy.0 = Debug|iPhone
		{20585BBF-B632-4EFC-B1AC-19EEC40FBD41}.Debug|x86.ActiveCfg = Debug|iPhoneSimulator
		{20585BBF-B632-4EFC-B1AC-19EEC40FBD41}.Debug|x86.Build.0 = Debug|iPhoneSimulator
		{20585BBF-B632-4EFC-B1AC-19EEC40FBD41}.Debug|x86.Deploy.0 = Debug|iPhoneSimulator
		{20585BBF-B632-4EFC-B1AC-19EEC40FBD41}.Release|Any CPU.ActiveCfg = Release|iPhoneSimulator
		{20585BBF-B632-4EFC-B1AC-19EEC40FBD41}.Release|Any CPU.Build.0 = Release|iPhoneSimulator
		{20585BBF-B632-4EFC-B1AC-19EEC40FBD41}.Release|Any CPU.Deploy.0 = Release|iPhoneSimulator
		{20585BBF-B632-4EFC-B1AC-19EEC40FBD41}.Release|ARM.ActiveCfg = Release|iPhoneSimulator
		{20585BBF-B632-4EFC-B1AC-19EEC40FBD41}.Release|ARM.Build.0 = Release|iPhoneSimulator
		{20585BBF-B632-4EFC-B1AC-19EEC40FBD41}.Release|ARM.Deploy.0 = Release|iPhoneSimulator
		{20585BBF-B632-4EFC-B1AC-19EEC40FBD41}.Release|iPhone.ActiveCfg = Release|iPhone
		{20585BBF-B632-4EFC-B1AC-19EEC40FBD41}.Release|iPhone.Build.0 = Release|iPhone
		{20585BBF-B632-4EFC-B1AC-19EEC40FBD41}.Release|iPhone.Deploy.0 = Release|iPhone
		{20585BBF-B632-4EFC-B1AC-19EEC40FBD41}.Release|iPhoneSimulator.ActiveCfg = Release|iPhoneSimulator
		{20585BBF-B632-4EFC-B1AC-19EEC40FBD41}.Release|iPhoneSimulator.Build.0 = Release|iPhoneSimulator
		{20585BBF-B632-4EFC-B1AC-19EEC40FBD41}.Release|iPhoneSimulator.Deploy.0 = Release|iPhoneSimulator
		{20585BBF-B632-4EFC-B1AC-19EEC40FBD41}.Release|x64.ActiveCfg = Release|iPhoneSimulator
		{20585BBF-B632-4EFC-B1AC-19EEC40FBD41}.Release|x64.Build.0 = Release|iPhoneSimulator
		{20585BBF-B632-4EFC-B1AC-19EEC40FBD41}.Release|x64.Deploy.0 = Release|iPhoneSimulator
		{20585BBF-B632-4EFC-B1AC-19EEC40FBD41}.Release|x86.ActiveCfg = Release|iPhoneSimulator
		{20585BBF-B632-4EFC-B1AC-19EEC40FBD41}.Release|x86.Build.0 = Release|iPhoneSimulator
		{20585BBF-B632-4EFC-B1AC-19EEC40FBD41}.Release|x86.Deploy.0 = Release|iPhoneSimulator
		{43D2A8E3-EEE6-458A-85D0-A792F6B3207E}.Debug|Any CPU.ActiveCfg = Debug|Any CPU
		{43D2A8E3-EEE6-458A-85D0-A792F6B3207E}.Debug|Any CPU.Build.0 = Debug|Any CPU
		{43D2A8E3-EEE6-458A-85D0-A792F6B3207E}.Debug|Any CPU.Deploy.0 = Debug|Any CPU
		{43D2A8E3-EEE6-458A-85D0-A792F6B3207E}.Debug|ARM.ActiveCfg = Debug|Any CPU
		{43D2A8E3-EEE6-458A-85D0-A792F6B3207E}.Debug|ARM.Build.0 = Debug|Any CPU
		{43D2A8E3-EEE6-458A-85D0-A792F6B3207E}.Debug|ARM.Deploy.0 = Debug|Any CPU
		{43D2A8E3-EEE6-458A-85D0-A792F6B3207E}.Debug|iPhone.ActiveCfg = Debug|Any CPU
		{43D2A8E3-EEE6-458A-85D0-A792F6B3207E}.Debug|iPhone.Build.0 = Debug|Any CPU
		{43D2A8E3-EEE6-458A-85D0-A792F6B3207E}.Debug|iPhone.Deploy.0 = Debug|Any CPU
		{43D2A8E3-EEE6-458A-85D0-A792F6B3207E}.Debug|iPhoneSimulator.ActiveCfg = Debug|Any CPU
		{43D2A8E3-EEE6-458A-85D0-A792F6B3207E}.Debug|iPhoneSimulator.Build.0 = Debug|Any CPU
		{43D2A8E3-EEE6-458A-85D0-A792F6B3207E}.Debug|iPhoneSimulator.Deploy.0 = Debug|Any CPU
		{43D2A8E3-EEE6-458A-85D0-A792F6B3207E}.Debug|x64.ActiveCfg = Debug|Any CPU
		{43D2A8E3-EEE6-458A-85D0-A792F6B3207E}.Debug|x64.Build.0 = Debug|Any CPU
		{43D2A8E3-EEE6-458A-85D0-A792F6B3207E}.Debug|x64.Deploy.0 = Debug|Any CPU
		{43D2A8E3-EEE6-458A-85D0-A792F6B3207E}.Debug|x86.ActiveCfg = Debug|Any CPU
		{43D2A8E3-EEE6-458A-85D0-A792F6B3207E}.Debug|x86.Build.0 = Debug|Any CPU
		{43D2A8E3-EEE6-458A-85D0-A792F6B3207E}.Debug|x86.Deploy.0 = Debug|Any CPU
		{43D2A8E3-EEE6-458A-85D0-A792F6B3207E}.Release|Any CPU.ActiveCfg = Release|Any CPU
		{43D2A8E3-EEE6-458A-85D0-A792F6B3207E}.Release|Any CPU.Build.0 = Release|Any CPU
		{43D2A8E3-EEE6-458A-85D0-A792F6B3207E}.Release|Any CPU.Deploy.0 = Release|Any CPU
		{43D2A8E3-EEE6-458A-85D0-A792F6B3207E}.Release|ARM.ActiveCfg = Release|Any CPU
		{43D2A8E3-EEE6-458A-85D0-A792F6B3207E}.Release|ARM.Build.0 = Release|Any CPU
		{43D2A8E3-EEE6-458A-85D0-A792F6B3207E}.Release|ARM.Deploy.0 = Release|Any CPU
		{43D2A8E3-EEE6-458A-85D0-A792F6B3207E}.Release|iPhone.ActiveCfg = Release|Any CPU
		{43D2A8E3-EEE6-458A-85D0-A792F6B3207E}.Release|iPhone.Build.0 = Release|Any CPU
		{43D2A8E3-EEE6-458A-85D0-A792F6B3207E}.Release|iPhone.Deploy.0 = Release|Any CPU
		{43D2A8E3-EEE6-458A-85D0-A792F6B3207E}.Release|iPhoneSimulator.ActiveCfg = Release|Any CPU
		{43D2A8E3-EEE6-458A-85D0-A792F6B3207E}.Release|iPhoneSimulator.Build.0 = Release|Any CPU
		{43D2A8E3-EEE6-458A-85D0-A792F6B3207E}.Release|iPhoneSimulator.Deploy.0 = Release|Any CPU
		{43D2A8E3-EEE6-458A-85D0-A792F6B3207E}.Release|x64.ActiveCfg = Release|Any CPU
		{43D2A8E3-EEE6-458A-85D0-A792F6B3207E}.Release|x64.Build.0 = Release|Any CPU
		{43D2A8E3-EEE6-458A-85D0-A792F6B3207E}.Release|x64.Deploy.0 = Release|Any CPU
		{43D2A8E3-EEE6-458A-85D0-A792F6B3207E}.Release|x86.ActiveCfg = Release|Any CPU
		{43D2A8E3-EEE6-458A-85D0-A792F6B3207E}.Release|x86.Build.0 = Release|Any CPU
		{43D2A8E3-EEE6-458A-85D0-A792F6B3207E}.Release|x86.Deploy.0 = Release|Any CPU
	EndGlobalSection
	GlobalSection(SolutionProperties) = preSolution
		HideSolutionNode = FALSE
	EndGlobalSection
	GlobalSection(ExtensibilityGlobals) = postSolution
		SolutionGuid = {5B2D6AEF-566F-4EE6-9CC7-B35F6FF8777D}
	EndGlobalSection
EndGlobal
